
Microsoft Visual Studio Solution File, Format Version 12.00
# Visual Studio Version 17
VisualStudioVersion = 17.2.32616.157
MinimumVisualStudioVersion = 10.0.40219.1
Project("{8BC9CEB8-8B4A-11D0-8D11-00A0C91BC942}") = "RaylibPong", "RaylibPong\RaylibPong.vcxproj", "{37FC4926-4EB7-40C0-9A46-34758F76037F}"
EndProject
Global
	GlobalSection(SolutionConfigurationPlatforms) = preSolution
		Debug|x64 = Debug|x64
		Debug|x86 = Debug|x86
		Release|x64 = Release|x64
		Release|x86 = Release|x86
	EndGlobalSection
	GlobalSection(ProjectConfigurationPlatforms) = postSolution
		{37FC4926-4EB7-40C0-9A46-34758F76037F}.Debug|x64.ActiveCfg = Debug|x64
		{37FC4926-4EB7-40C0-9A46-34758F76037F}.Debug|x64.Build.0 = Debug|x64
		{37FC4926-4EB7-40C0-9A46-34758F76037F}.Debug|x86.ActiveCfg = Debug|Win32
		{37FC4926-4EB7-40C0-9A46-34758F76037F}.Debug|x86.Build.0 = Debug|Win32
		{37FC4926-4EB7-40C0-9A46-34758F76037F}.Release|x64.ActiveCfg = Release|x64
		{37FC4926-4EB7-40C0-9A46-34758F76037F}.Release|x64.Build.0 = Release|x64
		{37FC4926-4EB7-40C0-9A46-34758F76037F}.Release|x86.ActiveCfg = Release|Win32
		{37FC4926-4EB7-40C0-9A46-34758F76037F}.Release|x86.Build.0 = Release|Win32
	EndGlobalSection
	GlobalSection(SolutionProperties) = preSolution
		HideSolutionNode = FALSE
	EndGlobalSection
	GlobalSection(ExtensibilityGlobals) = postSolution
		SolutionGuid = {394011EB-D3A3-4544-9E42-03F1D8304CF1}
	EndGlobalSection
EndGlobal
